
Microsoft Visual Studio Solution File, Format Version 12.00
# Visual Studio Version 17
VisualStudioVersion = 17.13.35825.156 d17.13
MinimumVisualStudioVersion = 10.0.40219.1
Project("{FAE04EC0-301F-11D3-BF4B-00C04F79EFBC}") = "proyecto1", "proyecto1\proyecto1.csproj", "{BC60F172-B4BE-4D43-B712-8BAE4611CB04}"
EndProject
Global
	GlobalSection(SolutionConfigurationPlatforms) = preSolution
		Debug|Any CPU = Debug|Any CPU
		Release|Any CPU = Release|Any CPU
	EndGlobalSection
	GlobalSection(ProjectConfigurationPlatforms) = postSolution
		{BC60F172-B4BE-4D43-B712-8BAE4611CB04}.Debug|Any CPU.ActiveCfg = Debug|Any CPU
		{BC60F172-B4BE-4D43-B712-8BAE4611CB04}.Debug|Any CPU.Build.0 = Debug|Any CPU
		{BC60F172-B4BE-4D43-B712-8BAE4611CB04}.Release|Any CPU.ActiveCfg = Release|Any CPU
		{BC60F172-B4BE-4D43-B712-8BAE4611CB04}.Release|Any CPU.Build.0 = Release|Any CPU
	EndGlobalSection
	GlobalSection(SolutionProperties) = preSolution
		HideSolutionNode = FALSE
	EndGlobalSection
	GlobalSection(ExtensibilityGlobals) = postSolution
		SolutionGuid = {92459A15-4919-4BCC-8837-CC1AF581A7BD}
	EndGlobalSection
EndGlobal
